
Microsoft Visual Studio Solution File, Format Version 12.00
# Visual Studio Version 17
VisualStudioVersion = 17.14.36203.30
MinimumVisualStudioVersion = 10.0.40219.1
Project("{FAE04EC0-301F-11D3-BF4B-00C04F79EFBC}") = "Sistema", "Sistema\Sistema.csproj", "{7270148F-E5F5-4B7B-AEA0-47C401C644AB}"
EndProject
Global
	GlobalSection(SolutionConfigurationPlatforms) = preSolution
		Debug|Any CPU = Debug|Any CPU
		Release|Any CPU = Release|Any CPU
	EndGlobalSection
	GlobalSection(ProjectConfigurationPlatforms) = postSolution
		{7270148F-E5F5-4B7B-AEA0-47C401C644AB}.Debug|Any CPU.ActiveCfg = Debug|Any CPU
		{7270148F-E5F5-4B7B-AEA0-47C401C644AB}.Debug|Any CPU.Build.0 = Debug|Any CPU
		{7270148F-E5F5-4B7B-AEA0-47C401C644AB}.Release|Any CPU.ActiveCfg = Debug|Any CPU
		{7270148F-E5F5-4B7B-AEA0-47C401C644AB}.Release|Any CPU.Build.0 = Debug|Any CPU
	EndGlobalSection
	GlobalSection(SolutionProperties) = preSolution
		HideSolutionNode = FALSE
	EndGlobalSection
	GlobalSection(ExtensibilityGlobals) = postSolution
		SolutionGuid = {AEF66E0C-31AC-44B0-98B2-69FA1A46E6F0}
	EndGlobalSection
EndGlobal
